
Microsoft Visual Studio Solution File, Format Version 11.00
# Visual Studio 2010
Project("{2150E333-8FDC-42A3-9474-1A3956D46DE8}") = "Sample1", "Sample1", "{63778E0A-1E06-4A7E-86A9-07BE3ED7A7CD}"
EndProject
Project("{FAE04EC0-301F-11D3-BF4B-00C04F79EFBC}") = "Mvc3MultiLanguageSample1", "Sample1\MvcMultiLanguage\Mvc3MultiLanguageSample1.csproj", "{F8EE01F3-B95B-484F-861F-910D440DB932}"
EndProject
Project("{2150E333-8FDC-42A3-9474-1A3956D46DE8}") = "Sample2", "Sample2", "{796DD4E6-B96A-49E6-B407-24D504D02625}"
EndProject
Project("{2150E333-8FDC-42A3-9474-1A3956D46DE8}") = "Sample3", "Sample3", "{880C7A32-ED13-49A0-A418-BD92E0F73CF6}"
EndProject
Project("{2150E333-8FDC-42A3-9474-1A3956D46DE8}") = "Solution Items", "Solution Items", "{A5F924F2-73D4-429D-835A-6ADBA253BC83}"
	ProjectSection(SolutionItems) = preProject
		REFERENCIAS.txt = REFERENCIAS.txt
	EndProjectSection
EndProject
Project("{FAE04EC0-301F-11D3-BF4B-00C04F79EFBC}") = "Mvc4MultiLanguageSample3", "Sample3\Mvc4MultiLanguageSample3.csproj", "{E68A8901-9861-48A9-B439-7534C2280F45}"
EndProject
Project("{FAE04EC0-301F-11D3-BF4B-00C04F79EFBC}") = "MvcApplication1", "_Draft\MvcApplication1\MvcApplication1.csproj", "{66655351-E3CF-4570-B663-BC6FAB200D8F}"
EndProject
Project("{2150E333-8FDC-42A3-9474-1A3956D46DE8}") = "_Draft", "_Draft", "{9C5A2862-2CD5-4D27-857B-9DB166F0BA62}"
EndProject
Project("{FAE04EC0-301F-11D3-BF4B-00C04F79EFBC}") = "Mvc3MultiLanguageSample2", "Sample2\MultiLanguage.MVC3.Sample2.UI.Web\Mvc3MultiLanguageSample2.csproj", "{CF629C95-158D-4670-B2EA-87C9F3C8B289}"
EndProject
Project("{FAE04EC0-301F-11D3-BF4B-00C04F79EFBC}") = "MultiLanguage.MVC3.Sample2.Resources", "Sample2\MultiLanguage.MVC3.Sample2.Resources\MultiLanguage.MVC3.Sample2.Resources.csproj", "{37E247A0-F633-4FC4-ACE4-E027329BAB2E}"
EndProject
Global
	GlobalSection(SolutionConfigurationPlatforms) = preSolution
		Debug|Any CPU = Debug|Any CPU
		Release|Any CPU = Release|Any CPU
	EndGlobalSection
	GlobalSection(ProjectConfigurationPlatforms) = postSolution
		{F8EE01F3-B95B-484F-861F-910D440DB932}.Debug|Any CPU.ActiveCfg = Debug|Any CPU
		{F8EE01F3-B95B-484F-861F-910D440DB932}.Debug|Any CPU.Build.0 = Debug|Any CPU
		{F8EE01F3-B95B-484F-861F-910D440DB932}.Release|Any CPU.ActiveCfg = Release|Any CPU
		{F8EE01F3-B95B-484F-861F-910D440DB932}.Release|Any CPU.Build.0 = Release|Any CPU
		{E68A8901-9861-48A9-B439-7534C2280F45}.Debug|Any CPU.ActiveCfg = Debug|Any CPU
		{E68A8901-9861-48A9-B439-7534C2280F45}.Debug|Any CPU.Build.0 = Debug|Any CPU
		{E68A8901-9861-48A9-B439-7534C2280F45}.Release|Any CPU.ActiveCfg = Release|Any CPU
		{E68A8901-9861-48A9-B439-7534C2280F45}.Release|Any CPU.Build.0 = Release|Any CPU
		{66655351-E3CF-4570-B663-BC6FAB200D8F}.Debug|Any CPU.ActiveCfg = Debug|Any CPU
		{66655351-E3CF-4570-B663-BC6FAB200D8F}.Debug|Any CPU.Build.0 = Debug|Any CPU
		{66655351-E3CF-4570-B663-BC6FAB200D8F}.Release|Any CPU.ActiveCfg = Release|Any CPU
		{66655351-E3CF-4570-B663-BC6FAB200D8F}.Release|Any CPU.Build.0 = Release|Any CPU
		{CF629C95-158D-4670-B2EA-87C9F3C8B289}.Debug|Any CPU.ActiveCfg = Debug|Any CPU
		{CF629C95-158D-4670-B2EA-87C9F3C8B289}.Debug|Any CPU.Build.0 = Debug|Any CPU
		{CF629C95-158D-4670-B2EA-87C9F3C8B289}.Release|Any CPU.ActiveCfg = Release|Any CPU
		{CF629C95-158D-4670-B2EA-87C9F3C8B289}.Release|Any CPU.Build.0 = Release|Any CPU
		{37E247A0-F633-4FC4-ACE4-E027329BAB2E}.Debug|Any CPU.ActiveCfg = Debug|Any CPU
		{37E247A0-F633-4FC4-ACE4-E027329BAB2E}.Debug|Any CPU.Build.0 = Debug|Any CPU
		{37E247A0-F633-4FC4-ACE4-E027329BAB2E}.Release|Any CPU.ActiveCfg = Release|Any CPU
		{37E247A0-F633-4FC4-ACE4-E027329BAB2E}.Release|Any CPU.Build.0 = Release|Any CPU
	EndGlobalSection
	GlobalSection(SolutionProperties) = preSolution
		HideSolutionNode = FALSE
	EndGlobalSection
	GlobalSection(NestedProjects) = preSolution
		{F8EE01F3-B95B-484F-861F-910D440DB932} = {63778E0A-1E06-4A7E-86A9-07BE3ED7A7CD}
		{CF629C95-158D-4670-B2EA-87C9F3C8B289} = {796DD4E6-B96A-49E6-B407-24D504D02625}
		{37E247A0-F633-4FC4-ACE4-E027329BAB2E} = {796DD4E6-B96A-49E6-B407-24D504D02625}
		{E68A8901-9861-48A9-B439-7534C2280F45} = {880C7A32-ED13-49A0-A418-BD92E0F73CF6}
		{66655351-E3CF-4570-B663-BC6FAB200D8F} = {9C5A2862-2CD5-4D27-857B-9DB166F0BA62}
	EndGlobalSection
EndGlobal
